// !$*UTF8*$!
{
	archiveVersion = 1;
	classes = {
	};
	objectVersion = 56;
	objects = {

/* Begin PBXBuildFile section */
		DD0C7D1B2C6A7BDA007D700D /* TrackerStore.swift in Sources */ = {isa = PBXBuildFile; fileRef = DD0C7D1A2C6A7BDA007D700D /* TrackerStore.swift */; };
		DD0D6E7B2C5780EE0036B9E0 /* AppDelegate.swift in Sources */ = {isa = PBXBuildFile; fileRef = DD0D6E7A2C5780EE0036B9E0 /* AppDelegate.swift */; };
		DD0D6E7D2C5780EE0036B9E0 /* SceneDelegate.swift in Sources */ = {isa = PBXBuildFile; fileRef = DD0D6E7C2C5780EE0036B9E0 /* SceneDelegate.swift */; };
		DD0D6E7F2C5780EE0036B9E0 /* MainTabBarController.swift in Sources */ = {isa = PBXBuildFile; fileRef = DD0D6E7E2C5780EE0036B9E0 /* MainTabBarController.swift */; };
		DD0D6E842C5780F00036B9E0 /* Assets.xcassets in Resources */ = {isa = PBXBuildFile; fileRef = DD0D6E832C5780F00036B9E0 /* Assets.xcassets */; };
		DD0D6E912C57A7EC0036B9E0 /* OnboardingViewController.swift in Sources */ = {isa = PBXBuildFile; fileRef = DD0D6E902C57A7EC0036B9E0 /* OnboardingViewController.swift */; };
		DD0D6E932C57B4170036B9E0 /* StatisticsViewController.swift in Sources */ = {isa = PBXBuildFile; fileRef = DD0D6E922C57B4170036B9E0 /* StatisticsViewController.swift */; };
		DD0D6E952C57B7380036B9E0 /* TrackerViewController.swift in Sources */ = {isa = PBXBuildFile; fileRef = DD0D6E942C57B7380036B9E0 /* TrackerViewController.swift */; };
		DD0E4D162C636ED4004C3A1D /* TrackerCreationViewController.swift in Sources */ = {isa = PBXBuildFile; fileRef = DD0E4D152C636ED4004C3A1D /* TrackerCreationViewController.swift */; };
		DD38DBE22C8742C400BE2BC3 /* Launch Screen.storyboard in Resources */ = {isa = PBXBuildFile; fileRef = DD38DBE12C8742C400BE2BC3 /* Launch Screen.storyboard */; };
		DD38DBE62C8749CE00BE2BC3 /* OnboardingPageViewController.swift in Sources */ = {isa = PBXBuildFile; fileRef = DD38DBE52C8749CE00BE2BC3 /* OnboardingPageViewController.swift */; };
		DD412A2D2C64AF9E00398175 /* TrackerScheduleViewController.swift in Sources */ = {isa = PBXBuildFile; fileRef = DD412A2C2C64AF9E00398175 /* TrackerScheduleViewController.swift */; };
		DD6642352C8848FC0042FB1B /* Extension OnboardingPage.swift in Sources */ = {isa = PBXBuildFile; fileRef = DD6642342C8848FC0042FB1B /* Extension OnboardingPage.swift */; };
		DD6E5CFE2C89BE0E00F5CE6A /* TrackerCategoryViewModel.swift in Sources */ = {isa = PBXBuildFile; fileRef = DD6E5CFD2C89BE0E00F5CE6A /* TrackerCategoryViewModel.swift */; };
		DD7646682C6F4AAB00AF9A22 /* EmojiCell.swift in Sources */ = {isa = PBXBuildFile; fileRef = DD7646672C6F4AAB00AF9A22 /* EmojiCell.swift */; };
		DD76466A2C6F4ADF00AF9A22 /* ColorCell.swift in Sources */ = {isa = PBXBuildFile; fileRef = DD7646692C6F4ADF00AF9A22 /* ColorCell.swift */; };
		DD76466C2C6F7A3600AF9A22 /* ExtensionTrackerCreation.swift in Sources */ = {isa = PBXBuildFile; fileRef = DD76466B2C6F7A3600AF9A22 /* ExtensionTrackerCreation.swift */; };
		DD80453D2C6E20DE00E234BB /* ExtensionTrackerCategory.swift in Sources */ = {isa = PBXBuildFile; fileRef = DD80453C2C6E20DE00E234BB /* ExtensionTrackerCategory.swift */; };
		DD823D2D2C67975A00BD6C54 /* TrackerDataManager.swift in Sources */ = {isa = PBXBuildFile; fileRef = DD823D2C2C67975A00BD6C54 /* TrackerDataManager.swift */; };
		DD823D2F2C67A3AB00BD6C54 /* TrackerSectionHeader.swift in Sources */ = {isa = PBXBuildFile; fileRef = DD823D2E2C67A3AB00BD6C54 /* TrackerSectionHeader.swift */; };
		DD973E232C6E1A2200A289FB /* ExtensionTracker.swift in Sources */ = {isa = PBXBuildFile; fileRef = DD973E222C6E1A2200A289FB /* ExtensionTracker.swift */; };
		DD973E262C6E1D3800A289FB /* ExtensionTrackerSchedule.swift in Sources */ = {isa = PBXBuildFile; fileRef = DD973E252C6E1D3800A289FB /* ExtensionTrackerSchedule.swift */; };
		DDA2C4B92C64F8310055241D /* TrackerCategoryViewController.swift in Sources */ = {isa = PBXBuildFile; fileRef = DDA2C4B82C64F8310055241D /* TrackerCategoryViewController.swift */; };
		DDA2C4BB2C64FE340055241D /* TrackerNewCategoryViewController.swift in Sources */ = {isa = PBXBuildFile; fileRef = DDA2C4BA2C64FE340055241D /* TrackerNewCategoryViewController.swift */; };
		DDA371632C904ED00001596F /* Localizable.strings in Resources */ = {isa = PBXBuildFile; fileRef = DDA371612C904ED00001596F /* Localizable.strings */; };
		DDA371682C9053AA0001596F /* Localizable.stringsdict in Resources */ = {isa = PBXBuildFile; fileRef = DDA371662C9053AA0001596F /* Localizable.stringsdict */; };
		DDA9CFC72C6914DD0035B64D /* TrackerCategoryStore.swift in Sources */ = {isa = PBXBuildFile; fileRef = DDA9CFC62C6914DD0035B64D /* TrackerCategoryStore.swift */; };
		DDA9CFC92C6914F40035B64D /* TrackerRecordStore.swift in Sources */ = {isa = PBXBuildFile; fileRef = DDA9CFC82C6914F40035B64D /* TrackerRecordStore.swift */; };
		DDB2ADD92C65E8360005D216 /* TrackerCategoryCell.swift in Sources */ = {isa = PBXBuildFile; fileRef = DDB2ADD82C65E8350005D216 /* TrackerCategoryCell.swift */; };
		DDB316AD2C6212A100D59A77 /* TrackerCell.swift in Sources */ = {isa = PBXBuildFile; fileRef = DDB316AC2C6212A100D59A77 /* TrackerCell.swift */; };
		DDDA9FF42C63684700499483 /* TrackerTypeSelectionViewController.swift in Sources */ = {isa = PBXBuildFile; fileRef = DDDA9FF32C63684700499483 /* TrackerTypeSelectionViewController.swift */; };
		DDE7D6402C74FF8C00F57814 /* Tracker.xcdatamodeld in Sources */ = {isa = PBXBuildFile; fileRef = DDE7D63E2C74FF8C00F57814 /* Tracker.xcdatamodeld */; };
/* End PBXBuildFile section */

/* Begin PBXFileReference section */
		DD0C7D1A2C6A7BDA007D700D /* TrackerStore.swift */ = {isa = PBXFileReference; lastKnownFileType = sourcecode.swift; path = TrackerStore.swift; sourceTree = "<group>"; };
		DD0D6E772C5780EE0036B9E0 /* Tracker.app */ = {isa = PBXFileReference; explicitFileType = wrapper.application; includeInIndex = 0; path = Tracker.app; sourceTree = BUILT_PRODUCTS_DIR; };
		DD0D6E7A2C5780EE0036B9E0 /* AppDelegate.swift */ = {isa = PBXFileReference; lastKnownFileType = sourcecode.swift; path = AppDelegate.swift; sourceTree = "<group>"; };
		DD0D6E7C2C5780EE0036B9E0 /* SceneDelegate.swift */ = {isa = PBXFileReference; lastKnownFileType = sourcecode.swift; path = SceneDelegate.swift; sourceTree = "<group>"; };
		DD0D6E7E2C5780EE0036B9E0 /* MainTabBarController.swift */ = {isa = PBXFileReference; lastKnownFileType = sourcecode.swift; path = MainTabBarController.swift; sourceTree = "<group>"; };
		DD0D6E832C5780F00036B9E0 /* Assets.xcassets */ = {isa = PBXFileReference; lastKnownFileType = folder.assetcatalog; path = Assets.xcassets; sourceTree = "<group>"; };
		DD0D6E882C5780F00036B9E0 /* Info.plist */ = {isa = PBXFileReference; lastKnownFileType = text.plist.xml; path = Info.plist; sourceTree = "<group>"; };
		DD0D6E902C57A7EC0036B9E0 /* OnboardingViewController.swift */ = {isa = PBXFileReference; lastKnownFileType = sourcecode.swift; path = OnboardingViewController.swift; sourceTree = "<group>"; };
		DD0D6E922C57B4170036B9E0 /* StatisticsViewController.swift */ = {isa = PBXFileReference; lastKnownFileType = sourcecode.swift; path = StatisticsViewController.swift; sourceTree = "<group>"; };
		DD0D6E942C57B7380036B9E0 /* TrackerViewController.swift */ = {isa = PBXFileReference; lastKnownFileType = sourcecode.swift; path = TrackerViewController.swift; sourceTree = "<group>"; };
		DD0E4D152C636ED4004C3A1D /* TrackerCreationViewController.swift */ = {isa = PBXFileReference; lastKnownFileType = sourcecode.swift; path = TrackerCreationViewController.swift; sourceTree = "<group>"; };
		DD38DBE12C8742C400BE2BC3 /* Launch Screen.storyboard */ = {isa = PBXFileReference; lastKnownFileType = file.storyboard; path = "Launch Screen.storyboard"; sourceTree = "<group>"; };
		DD38DBE52C8749CE00BE2BC3 /* OnboardingPageViewController.swift */ = {isa = PBXFileReference; lastKnownFileType = sourcecode.swift; path = OnboardingPageViewController.swift; sourceTree = "<group>"; };
		DD412A2C2C64AF9E00398175 /* TrackerScheduleViewController.swift */ = {isa = PBXFileReference; lastKnownFileType = sourcecode.swift; path = TrackerScheduleViewController.swift; sourceTree = "<group>"; };
		DD6642342C8848FC0042FB1B /* Extension OnboardingPage.swift */ = {isa = PBXFileReference; lastKnownFileType = sourcecode.swift; path = "Extension OnboardingPage.swift"; sourceTree = "<group>"; };
		DD6E5CFD2C89BE0E00F5CE6A /* TrackerCategoryViewModel.swift */ = {isa = PBXFileReference; lastKnownFileType = sourcecode.swift; path = TrackerCategoryViewModel.swift; sourceTree = "<group>"; };
		DD7646672C6F4AAB00AF9A22 /* EmojiCell.swift */ = {isa = PBXFileReference; lastKnownFileType = sourcecode.swift; path = EmojiCell.swift; sourceTree = "<group>"; };
		DD7646692C6F4ADF00AF9A22 /* ColorCell.swift */ = {isa = PBXFileReference; lastKnownFileType = sourcecode.swift; path = ColorCell.swift; sourceTree = "<group>"; };
		DD76466B2C6F7A3600AF9A22 /* ExtensionTrackerCreation.swift */ = {isa = PBXFileReference; lastKnownFileType = sourcecode.swift; path = ExtensionTrackerCreation.swift; sourceTree = "<group>"; };
		DD80453C2C6E20DE00E234BB /* ExtensionTrackerCategory.swift */ = {isa = PBXFileReference; lastKnownFileType = sourcecode.swift; path = ExtensionTrackerCategory.swift; sourceTree = "<group>"; };
		DD823D2C2C67975A00BD6C54 /* TrackerDataManager.swift */ = {isa = PBXFileReference; lastKnownFileType = sourcecode.swift; path = TrackerDataManager.swift; sourceTree = "<group>"; };
		DD823D2E2C67A3AB00BD6C54 /* TrackerSectionHeader.swift */ = {isa = PBXFileReference; lastKnownFileType = sourcecode.swift; path = TrackerSectionHeader.swift; sourceTree = "<group>"; };
		DD973E222C6E1A2200A289FB /* ExtensionTracker.swift */ = {isa = PBXFileReference; lastKnownFileType = sourcecode.swift; path = ExtensionTracker.swift; sourceTree = "<group>"; };
		DD973E252C6E1D3800A289FB /* ExtensionTrackerSchedule.swift */ = {isa = PBXFileReference; lastKnownFileType = sourcecode.swift; path = ExtensionTrackerSchedule.swift; sourceTree = "<group>"; };
		DDA2C4B82C64F8310055241D /* TrackerCategoryViewController.swift */ = {isa = PBXFileReference; lastKnownFileType = sourcecode.swift; path = TrackerCategoryViewController.swift; sourceTree = "<group>"; };
		DDA2C4BA2C64FE340055241D /* TrackerNewCategoryViewController.swift */ = {isa = PBXFileReference; lastKnownFileType = sourcecode.swift; path = TrackerNewCategoryViewController.swift; sourceTree = "<group>"; };
		DDA371622C904ED00001596F /* en */ = {isa = PBXFileReference; lastKnownFileType = text.plist.strings; name = en; path = en.lproj/Localizable.strings; sourceTree = "<group>"; };
		DDA371672C9053AA0001596F /* en */ = {isa = PBXFileReference; lastKnownFileType = text.plist.stringsdict; name = en; path = en.lproj/Localizable.stringsdict; sourceTree = "<group>"; };
		DDA9CFC62C6914DD0035B64D /* TrackerCategoryStore.swift */ = {isa = PBXFileReference; lastKnownFileType = sourcecode.swift; path = TrackerCategoryStore.swift; sourceTree = "<group>"; };
		DDA9CFC82C6914F40035B64D /* TrackerRecordStore.swift */ = {isa = PBXFileReference; lastKnownFileType = sourcecode.swift; path = TrackerRecordStore.swift; sourceTree = "<group>"; };
		DDB2ADD82C65E8350005D216 /* TrackerCategoryCell.swift */ = {isa = PBXFileReference; lastKnownFileType = sourcecode.swift; path = TrackerCategoryCell.swift; sourceTree = "<group>"; };
		DDB316AC2C6212A100D59A77 /* TrackerCell.swift */ = {isa = PBXFileReference; lastKnownFileType = sourcecode.swift; path = TrackerCell.swift; sourceTree = "<group>"; };
		DDDA9FF32C63684700499483 /* TrackerTypeSelectionViewController.swift */ = {isa = PBXFileReference; lastKnownFileType = sourcecode.swift; path = TrackerTypeSelectionViewController.swift; sourceTree = "<group>"; };
		DDE7D63F2C74FF8C00F57814 /* Tracker.xcdatamodel */ = {isa = PBXFileReference; lastKnownFileType = wrapper.xcdatamodel; path = Tracker.xcdatamodel; sourceTree = "<group>"; };
/* End PBXFileReference section */

/* Begin PBXFrameworksBuildPhase section */
		DD0D6E742C5780EE0036B9E0 /* Frameworks */ = {
			isa = PBXFrameworksBuildPhase;
			buildActionMask = 2147483647;
			files = (
			);
			runOnlyForDeploymentPostprocessing = 0;
		};
/* End PBXFrameworksBuildPhase section */

/* Begin PBXGroup section */
		DD0D6E6E2C5780EE0036B9E0 = {
			isa = PBXGroup;
			children = (
				DD0D6E792C5780EE0036B9E0 /* Tracker */,
				DD0D6E782C5780EE0036B9E0 /* Products */,
			);
			sourceTree = "<group>";
		};
		DD0D6E782C5780EE0036B9E0 /* Products */ = {
			isa = PBXGroup;
			children = (
				DD0D6E772C5780EE0036B9E0 /* Tracker.app */,
			);
			name = Products;
			sourceTree = "<group>";
		};
		DD0D6E792C5780EE0036B9E0 /* Tracker */ = {
			isa = PBXGroup;
			children = (
				DD0D6E7A2C5780EE0036B9E0 /* AppDelegate.swift */,
				DD0D6E7C2C5780EE0036B9E0 /* SceneDelegate.swift */,
				DD41746F2C8F5039006229EA /* CoreData */,
				DDA371652C904F0C0001596F /* Localizable */,
				DD6291B82C5A957200E683F4 /* Onboarding */,
				DD6291B92C5A957800E683F4 /* MainTabBar */,
				DD6291BA2C5A95BA00E683F4 /* Trackers */,
				DD6291BB2C5A95BF00E683F4 /* Statistics */,
				DD0D6E832C5780F00036B9E0 /* Assets.xcassets */,
				DD38DBE12C8742C400BE2BC3 /* Launch Screen.storyboard */,
				DD0D6E882C5780F00036B9E0 /* Info.plist */,
			);
			path = Tracker;
			sourceTree = "<group>";
		};
		DD41746F2C8F5039006229EA /* CoreData */ = {
			isa = PBXGroup;
			children = (
				DDE7D63E2C74FF8C00F57814 /* Tracker.xcdatamodeld */,
			);
			path = CoreData;
			sourceTree = "<group>";
		};
		DD6291B82C5A957200E683F4 /* Onboarding */ = {
			isa = PBXGroup;
			children = (
				DD38DBE52C8749CE00BE2BC3 /* OnboardingPageViewController.swift */,
				DD6642342C8848FC0042FB1B /* Extension OnboardingPage.swift */,
				DD0D6E902C57A7EC0036B9E0 /* OnboardingViewController.swift */,
			);
			path = Onboarding;
			sourceTree = "<group>";
		};
		DD6291B92C5A957800E683F4 /* MainTabBar */ = {
			isa = PBXGroup;
			children = (
				DD0D6E7E2C5780EE0036B9E0 /* MainTabBarController.swift */,
			);
			path = MainTabBar;
			sourceTree = "<group>";
		};
		DD6291BA2C5A95BA00E683F4 /* Trackers */ = {
			isa = PBXGroup;
			children = (
				DD823D2B2C67956B00BD6C54 /* TrackersDataStorage */,
				DD973E242C6E1C3800A289FB /* TrackerViewController */,
				DD80453E2C6E21C300E234BB /* TrackerTypeSelection */,
				DD80453F2C6E220C00E234BB /* TrackerCreation */,
				DD80453B2C6E20A300E234BB /* TrackerCategory */,
				DD8045402C6E224D00E234BB /* TrackerNewCategory */,
				DD8045412C6E226800E234BB /* TrackerSchedule */,
			);
			path = Trackers;
			sourceTree = "<group>";
		};
		DD6291BB2C5A95BF00E683F4 /* Statistics */ = {
			isa = PBXGroup;
			children = (
				DD0D6E922C57B4170036B9E0 /* StatisticsViewController.swift */,
			);
			path = Statistics;
			sourceTree = "<group>";
		};
		DD80453B2C6E20A300E234BB /* TrackerCategory */ = {
			isa = PBXGroup;
			children = (
				DD6E5CFD2C89BE0E00F5CE6A /* TrackerCategoryViewModel.swift */,
				DDA2C4B82C64F8310055241D /* TrackerCategoryViewController.swift */,
				DD80453C2C6E20DE00E234BB /* ExtensionTrackerCategory.swift */,
				DDB2ADD82C65E8350005D216 /* TrackerCategoryCell.swift */,
			);
			path = TrackerCategory;
			sourceTree = "<group>";
		};
		DD80453E2C6E21C300E234BB /* TrackerTypeSelection */ = {
			isa = PBXGroup;
			children = (
				DDDA9FF32C63684700499483 /* TrackerTypeSelectionViewController.swift */,
			);
			path = TrackerTypeSelection;
			sourceTree = "<group>";
		};
		DD80453F2C6E220C00E234BB /* TrackerCreation */ = {
			isa = PBXGroup;
			children = (
				DD0E4D152C636ED4004C3A1D /* TrackerCreationViewController.swift */,
				DD76466B2C6F7A3600AF9A22 /* ExtensionTrackerCreation.swift */,
				DD7646672C6F4AAB00AF9A22 /* EmojiCell.swift */,
				DD7646692C6F4ADF00AF9A22 /* ColorCell.swift */,
			);
			path = TrackerCreation;
			sourceTree = "<group>";
		};
		DD8045402C6E224D00E234BB /* TrackerNewCategory */ = {
			isa = PBXGroup;
			children = (
				DDA2C4BA2C64FE340055241D /* TrackerNewCategoryViewController.swift */,
			);
			path = TrackerNewCategory;
			sourceTree = "<group>";
		};
		DD8045412C6E226800E234BB /* TrackerSchedule */ = {
			isa = PBXGroup;
			children = (
				DD412A2C2C64AF9E00398175 /* TrackerScheduleViewController.swift */,
				DD973E252C6E1D3800A289FB /* ExtensionTrackerSchedule.swift */,
			);
			path = TrackerSchedule;
			sourceTree = "<group>";
		};
		DD823D2B2C67956B00BD6C54 /* TrackersDataStorage */ = {
			isa = PBXGroup;
			children = (
				DD0C7D1A2C6A7BDA007D700D /* TrackerStore.swift */,
				DDA9CFC62C6914DD0035B64D /* TrackerCategoryStore.swift */,
				DDA9CFC82C6914F40035B64D /* TrackerRecordStore.swift */,
				DD823D2C2C67975A00BD6C54 /* TrackerDataManager.swift */,
			);
			path = TrackersDataStorage;
			sourceTree = "<group>";
		};
		DD973E242C6E1C3800A289FB /* TrackerViewController */ = {
			isa = PBXGroup;
			children = (
				DD0D6E942C57B7380036B9E0 /* TrackerViewController.swift */,
				DD973E222C6E1A2200A289FB /* ExtensionTracker.swift */,
				DDD533382C67C4DE00E49485 /* TrackerCollection */,
			);
			path = TrackerViewController;
			sourceTree = "<group>";
		};
		DDA371652C904F0C0001596F /* Localizable */ = {
			isa = PBXGroup;
			children = (
				DDA371612C904ED00001596F /* Localizable.strings */,
				DDA371662C9053AA0001596F /* Localizable.stringsdict */,
			);
			path = Localizable;
			sourceTree = "<group>";
		};
		DDD533382C67C4DE00E49485 /* TrackerCollection */ = {
			isa = PBXGroup;
			children = (
				DD823D2E2C67A3AB00BD6C54 /* TrackerSectionHeader.swift */,
				DDB316AC2C6212A100D59A77 /* TrackerCell.swift */,
			);
			path = TrackerCollection;
			sourceTree = "<group>";
		};
/* End PBXGroup section */

/* Begin PBXNativeTarget section */
		DD0D6E762C5780EE0036B9E0 /* Tracker */ = {
			isa = PBXNativeTarget;
			buildConfigurationList = DD0D6E8B2C5780F00036B9E0 /* Build configuration list for PBXNativeTarget "Tracker" */;
			buildPhases = (
				DD0D6E732C5780EE0036B9E0 /* Sources */,
				DD0D6E742C5780EE0036B9E0 /* Frameworks */,
				DD0D6E752C5780EE0036B9E0 /* Resources */,
			);
			buildRules = (
			);
			dependencies = (
			);
			name = Tracker;
			productName = Tracker;
			productReference = DD0D6E772C5780EE0036B9E0 /* Tracker.app */;
			productType = "com.apple.product-type.application";
		};
/* End PBXNativeTarget section */

/* Begin PBXProject section */
		DD0D6E6F2C5780EE0036B9E0 /* Project object */ = {
			isa = PBXProject;
			attributes = {
				BuildIndependentTargetsInParallel = 1;
				LastSwiftUpdateCheck = 1540;
				LastUpgradeCheck = 1540;
				TargetAttributes = {
					DD0D6E762C5780EE0036B9E0 = {
						CreatedOnToolsVersion = 15.4;
					};
				};
			};
			buildConfigurationList = DD0D6E722C5780EE0036B9E0 /* Build configuration list for PBXProject "Tracker" */;
			compatibilityVersion = "Xcode 14.0";
			developmentRegion = en;
			hasScannedForEncodings = 0;
			knownRegions = (
				en,
				Base,
			);
			mainGroup = DD0D6E6E2C5780EE0036B9E0;
			productRefGroup = DD0D6E782C5780EE0036B9E0 /* Products */;
			projectDirPath = "";
			projectRoot = "";
			targets = (
				DD0D6E762C5780EE0036B9E0 /* Tracker */,
			);
		};
/* End PBXProject section */

/* Begin PBXResourcesBuildPhase section */
		DD0D6E752C5780EE0036B9E0 /* Resources */ = {
			isa = PBXResourcesBuildPhase;
			buildActionMask = 2147483647;
			files = (
				DD38DBE22C8742C400BE2BC3 /* Launch Screen.storyboard in Resources */,
				DDA371682C9053AA0001596F /* Localizable.stringsdict in Resources */,
				DDA371632C904ED00001596F /* Localizable.strings in Resources */,
				DD0D6E842C5780F00036B9E0 /* Assets.xcassets in Resources */,
			);
			runOnlyForDeploymentPostprocessing = 0;
		};
/* End PBXResourcesBuildPhase section */

/* Begin PBXSourcesBuildPhase section */
		DD0D6E732C5780EE0036B9E0 /* Sources */ = {
			isa = PBXSourcesBuildPhase;
			buildActionMask = 2147483647;
			files = (
				DD38DBE62C8749CE00BE2BC3 /* OnboardingPageViewController.swift in Sources */,
				DD973E262C6E1D3800A289FB /* ExtensionTrackerSchedule.swift in Sources */,
				DDB316AD2C6212A100D59A77 /* TrackerCell.swift in Sources */,
				DD6E5CFE2C89BE0E00F5CE6A /* TrackerCategoryViewModel.swift in Sources */,
				DD973E232C6E1A2200A289FB /* ExtensionTracker.swift in Sources */,
				DD0C7D1B2C6A7BDA007D700D /* TrackerStore.swift in Sources */,
				DD412A2D2C64AF9E00398175 /* TrackerScheduleViewController.swift in Sources */,
				DD0D6E7F2C5780EE0036B9E0 /* MainTabBarController.swift in Sources */,
				DDA9CFC92C6914F40035B64D /* TrackerRecordStore.swift in Sources */,
				DD823D2D2C67975A00BD6C54 /* TrackerDataManager.swift in Sources */,
				DD76466C2C6F7A3600AF9A22 /* ExtensionTrackerCreation.swift in Sources */,
				DD823D2F2C67A3AB00BD6C54 /* TrackerSectionHeader.swift in Sources */,
				DDA2C4B92C64F8310055241D /* TrackerCategoryViewController.swift in Sources */,
				DD6642352C8848FC0042FB1B /* Extension OnboardingPage.swift in Sources */,
				DDA2C4BB2C64FE340055241D /* TrackerNewCategoryViewController.swift in Sources */,
				DD0D6E952C57B7380036B9E0 /* TrackerViewController.swift in Sources */,
				DD0D6E912C57A7EC0036B9E0 /* OnboardingViewController.swift in Sources */,
				DDDA9FF42C63684700499483 /* TrackerTypeSelectionViewController.swift in Sources */,
				DDA9CFC72C6914DD0035B64D /* TrackerCategoryStore.swift in Sources */,
				DDB2ADD92C65E8360005D216 /* TrackerCategoryCell.swift in Sources */,
				DD76466A2C6F4ADF00AF9A22 /* ColorCell.swift in Sources */,
				DD0D6E932C57B4170036B9E0 /* StatisticsViewController.swift in Sources */,
				DDE7D6402C74FF8C00F57814 /* Tracker.xcdatamodeld in Sources */,
				DD80453D2C6E20DE00E234BB /* ExtensionTrackerCategory.swift in Sources */,
				DD0D6E7B2C5780EE0036B9E0 /* AppDelegate.swift in Sources */,
				DD0E4D162C636ED4004C3A1D /* TrackerCreationViewController.swift in Sources */,
				DD7646682C6F4AAB00AF9A22 /* EmojiCell.swift in Sources */,
				DD0D6E7D2C5780EE0036B9E0 /* SceneDelegate.swift in Sources */,
			);
			runOnlyForDeploymentPostprocessing = 0;
		};
/* End PBXSourcesBuildPhase section */

/* Begin PBXVariantGroup section */
		DDA371612C904ED00001596F /* Localizable.strings */ = {
			isa = PBXVariantGroup;
			children = (
				DDA371622C904ED00001596F /* en */,
			);
			name = Localizable.strings;
			sourceTree = "<group>";
		};
		DDA371662C9053AA0001596F /* Localizable.stringsdict */ = {
			isa = PBXVariantGroup;
			children = (
				DDA371672C9053AA0001596F /* en */,
			);
			name = Localizable.stringsdict;
			sourceTree = "<group>";
		};
/* End PBXVariantGroup section */

/* Begin XCBuildConfiguration section */
		DD0D6E892C5780F00036B9E0 /* Debug */ = {
			isa = XCBuildConfiguration;
			buildSettings = {
				ALWAYS_SEARCH_USER_PATHS = NO;
				ASSETCATALOG_COMPILER_GENERATE_SWIFT_ASSET_SYMBOL_EXTENSIONS = YES;
				CLANG_ANALYZER_NONNULL = YES;
				CLANG_ANALYZER_NUMBER_OBJECT_CONVERSION = YES_AGGRESSIVE;
				CLANG_CXX_LANGUAGE_STANDARD = "gnu++20";
				CLANG_ENABLE_MODULES = YES;
				CLANG_ENABLE_OBJC_ARC = YES;
				CLANG_ENABLE_OBJC_WEAK = YES;
				CLANG_WARN_BLOCK_CAPTURE_AUTORELEASING = YES;
				CLANG_WARN_BOOL_CONVERSION = YES;
				CLANG_WARN_COMMA = YES;
				CLANG_WARN_CONSTANT_CONVERSION = YES;
				CLANG_WARN_DEPRECATED_OBJC_IMPLEMENTATIONS = YES;
				CLANG_WARN_DIRECT_OBJC_ISA_USAGE = YES_ERROR;
				CLANG_WARN_DOCUMENTATION_COMMENTS = YES;
				CLANG_WARN_EMPTY_BODY = YES;
				CLANG_WARN_ENUM_CONVERSION = YES;
				CLANG_WARN_INFINITE_RECURSION = YES;
				CLANG_WARN_INT_CONVERSION = YES;
				CLANG_WARN_NON_LITERAL_NULL_CONVERSION = YES;
				CLANG_WARN_OBJC_IMPLICIT_RETAIN_SELF = YES;
				CLANG_WARN_OBJC_LITERAL_CONVERSION = YES;
				CLANG_WARN_OBJC_ROOT_CLASS = YES_ERROR;
				CLANG_WARN_QUOTED_INCLUDE_IN_FRAMEWORK_HEADER = YES;
				CLANG_WARN_RANGE_LOOP_ANALYSIS = YES;
				CLANG_WARN_STRICT_PROTOTYPES = YES;
				CLANG_WARN_SUSPICIOUS_MOVE = YES;
				CLANG_WARN_UNGUARDED_AVAILABILITY = YES_AGGRESSIVE;
				CLANG_WARN_UNREACHABLE_CODE = YES;
				CLANG_WARN__DUPLICATE_METHOD_MATCH = YES;
				COPY_PHASE_STRIP = NO;
				DEBUG_INFORMATION_FORMAT = dwarf;
				ENABLE_STRICT_OBJC_MSGSEND = YES;
				ENABLE_TESTABILITY = YES;
				ENABLE_USER_SCRIPT_SANDBOXING = YES;
				GCC_C_LANGUAGE_STANDARD = gnu17;
				GCC_DYNAMIC_NO_PIC = NO;
				GCC_NO_COMMON_BLOCKS = YES;
				GCC_OPTIMIZATION_LEVEL = 0;
				GCC_PREPROCESSOR_DEFINITIONS = (
					"DEBUG=1",
					"$(inherited)",
				);
				GCC_WARN_64_TO_32_BIT_CONVERSION = YES;
				GCC_WARN_ABOUT_RETURN_TYPE = YES_ERROR;
				GCC_WARN_UNDECLARED_SELECTOR = YES;
				GCC_WARN_UNINITIALIZED_AUTOS = YES_AGGRESSIVE;
				GCC_WARN_UNUSED_FUNCTION = YES;
				GCC_WARN_UNUSED_VARIABLE = YES;
				IPHONEOS_DEPLOYMENT_TARGET = 17.0;
				LOCALIZATION_PREFERS_STRING_CATALOGS = YES;
				MTL_ENABLE_DEBUG_INFO = INCLUDE_SOURCE;
				MTL_FAST_MATH = YES;
				ONLY_ACTIVE_ARCH = YES;
				SDKROOT = iphoneos;
				SWIFT_ACTIVE_COMPILATION_CONDITIONS = "DEBUG $(inherited)";
				SWIFT_OPTIMIZATION_LEVEL = "-Onone";
			};
			name = Debug;
		};
		DD0D6E8A2C5780F00036B9E0 /* Release */ = {
			isa = XCBuildConfiguration;
			buildSettings = {
				ALWAYS_SEARCH_USER_PATHS = NO;
				ASSETCATALOG_COMPILER_GENERATE_SWIFT_ASSET_SYMBOL_EXTENSIONS = YES;
				CLANG_ANALYZER_NONNULL = YES;
				CLANG_ANALYZER_NUMBER_OBJECT_CONVERSION = YES_AGGRESSIVE;
				CLANG_CXX_LANGUAGE_STANDARD = "gnu++20";
				CLANG_ENABLE_MODULES = YES;
				CLANG_ENABLE_OBJC_ARC = YES;
				CLANG_ENABLE_OBJC_WEAK = YES;
				CLANG_WARN_BLOCK_CAPTURE_AUTORELEASING = YES;
				CLANG_WARN_BOOL_CONVERSION = YES;
				CLANG_WARN_COMMA = YES;
				CLANG_WARN_CONSTANT_CONVERSION = YES;
				CLANG_WARN_DEPRECATED_OBJC_IMPLEMENTATIONS = YES;
				CLANG_WARN_DIRECT_OBJC_ISA_USAGE = YES_ERROR;
				CLANG_WARN_DOCUMENTATION_COMMENTS = YES;
				CLANG_WARN_EMPTY_BODY = YES;
				CLANG_WARN_ENUM_CONVERSION = YES;
				CLANG_WARN_INFINITE_RECURSION = YES;
				CLANG_WARN_INT_CONVERSION = YES;
				CLANG_WARN_NON_LITERAL_NULL_CONVERSION = YES;
				CLANG_WARN_OBJC_IMPLICIT_RETAIN_SELF = YES;
				CLANG_WARN_OBJC_LITERAL_CONVERSION = YES;
				CLANG_WARN_OBJC_ROOT_CLASS = YES_ERROR;
				CLANG_WARN_QUOTED_INCLUDE_IN_FRAMEWORK_HEADER = YES;
				CLANG_WARN_RANGE_LOOP_ANALYSIS = YES;
				CLANG_WARN_STRICT_PROTOTYPES = YES;
				CLANG_WARN_SUSPICIOUS_MOVE = YES;
				CLANG_WARN_UNGUARDED_AVAILABILITY = YES_AGGRESSIVE;
				CLANG_WARN_UNREACHABLE_CODE = YES;
				CLANG_WARN__DUPLICATE_METHOD_MATCH = YES;
				COPY_PHASE_STRIP = NO;
				DEBUG_INFORMATION_FORMAT = "dwarf-with-dsym";
				ENABLE_NS_ASSERTIONS = NO;
				ENABLE_STRICT_OBJC_MSGSEND = YES;
				ENABLE_USER_SCRIPT_SANDBOXING = YES;
				GCC_C_LANGUAGE_STANDARD = gnu17;
				GCC_NO_COMMON_BLOCKS = YES;
				GCC_WARN_64_TO_32_BIT_CONVERSION = YES;
				GCC_WARN_ABOUT_RETURN_TYPE = YES_ERROR;
				GCC_WARN_UNDECLARED_SELECTOR = YES;
				GCC_WARN_UNINITIALIZED_AUTOS = YES_AGGRESSIVE;
				GCC_WARN_UNUSED_FUNCTION = YES;
				GCC_WARN_UNUSED_VARIABLE = YES;
				IPHONEOS_DEPLOYMENT_TARGET = 17.0;
				LOCALIZATION_PREFERS_STRING_CATALOGS = YES;
				MTL_ENABLE_DEBUG_INFO = NO;
				MTL_FAST_MATH = YES;
				SDKROOT = iphoneos;
				SWIFT_COMPILATION_MODE = wholemodule;
				VALIDATE_PRODUCT = YES;
			};
			name = Release;
		};
		DD0D6E8C2C5780F00036B9E0 /* Debug */ = {
			isa = XCBuildConfiguration;
			buildSettings = {
				ASSETCATALOG_COMPILER_APPICON_NAME = AppIcon;
				ASSETCATALOG_COMPILER_GLOBAL_ACCENT_COLOR_NAME = AccentColor;
				ASSETCATALOG_COMPILER_INCLUDE_ALL_APPICON_ASSETS = YES;
				CODE_SIGN_STYLE = Automatic;
				CURRENT_PROJECT_VERSION = 1;
				DEVELOPMENT_TEAM = NR5Q88774S;
				GENERATE_INFOPLIST_FILE = YES;
				INFOPLIST_FILE = Tracker/Info.plist;
				INFOPLIST_KEY_UIApplicationSupportsIndirectInputEvents = YES;
				INFOPLIST_KEY_UILaunchStoryboardName = "Launch Screen.storyboard";
				INFOPLIST_KEY_UISupportedInterfaceOrientations = UIInterfaceOrientationPortrait;
				IPHONEOS_DEPLOYMENT_TARGET = 13.4;
				LD_RUNPATH_SEARCH_PATHS = (
					"$(inherited)",
					"@executable_path/Frameworks",
				);
				MARKETING_VERSION = 1.0;
				PRODUCT_BUNDLE_IDENTIFIER = com.github.EntityVadim.Tracker;
				PRODUCT_NAME = "$(TARGET_NAME)";
				SUPPORTED_PLATFORMS = "iphoneos iphonesimulator";
				SUPPORTS_MACCATALYST = NO;
				SWIFT_EMIT_LOC_STRINGS = YES;
				SWIFT_VERSION = 5.0;
				TARGETED_DEVICE_FAMILY = 1;
			};
			name = Debug;
		};
		DD0D6E8D2C5780F00036B9E0 /* Release */ = {
			isa = XCBuildConfiguration;
			buildSettings = {
				ASSETCATALOG_COMPILER_APPICON_NAME = AppIcon;
				ASSETCATALOG_COMPILER_GLOBAL_ACCENT_COLOR_NAME = AccentColor;
				ASSETCATALOG_COMPILER_INCLUDE_ALL_APPICON_ASSETS = YES;
				CODE_SIGN_STYLE = Automatic;
				CURRENT_PROJECT_VERSION = 1;
				DEVELOPMENT_TEAM = NR5Q88774S;
				GENERATE_INFOPLIST_FILE = YES;
				INFOPLIST_FILE = Tracker/Info.plist;
				INFOPLIST_KEY_UIApplicationSupportsIndirectInputEvents = YES;
				INFOPLIST_KEY_UILaunchStoryboardName = "Launch Screen.storyboard";
				INFOPLIST_KEY_UISupportedInterfaceOrientations = UIInterfaceOrientationPortrait;
				IPHONEOS_DEPLOYMENT_TARGET = 13.4;
				LD_RUNPATH_SEARCH_PATHS = (
					"$(inherited)",
					"@executable_path/Frameworks",
				);
				MARKETING_VERSION = 1.0;
				PRODUCT_BUNDLE_IDENTIFIER = com.github.EntityVadim.Tracker;
				PRODUCT_NAME = "$(TARGET_NAME)";
				SUPPORTED_PLATFORMS = "iphoneos iphonesimulator";
				SUPPORTS_MACCATALYST = NO;
				SWIFT_EMIT_LOC_STRINGS = YES;
				SWIFT_VERSION = 5.0;
				TARGETED_DEVICE_FAMILY = 1;
			};
			name = Release;
		};
/* End XCBuildConfiguration section */

/* Begin XCConfigurationList section */
		DD0D6E722C5780EE0036B9E0 /* Build configuration list for PBXProject "Tracker" */ = {
			isa = XCConfigurationList;
			buildConfigurations = (
				DD0D6E892C5780F00036B9E0 /* Debug */,
				DD0D6E8A2C5780F00036B9E0 /* Release */,
			);
			defaultConfigurationIsVisible = 0;
			defaultConfigurationName = Release;
		};
		DD0D6E8B2C5780F00036B9E0 /* Build configuration list for PBXNativeTarget "Tracker" */ = {
			isa = XCConfigurationList;
			buildConfigurations = (
				DD0D6E8C2C5780F00036B9E0 /* Debug */,
				DD0D6E8D2C5780F00036B9E0 /* Release */,
			);
			defaultConfigurationIsVisible = 0;
			defaultConfigurationName = Release;
		};
/* End XCConfigurationList section */

/* Begin XCVersionGroup section */
		DDE7D63E2C74FF8C00F57814 /* Tracker.xcdatamodeld */ = {
			isa = XCVersionGroup;
			children = (
				DDE7D63F2C74FF8C00F57814 /* Tracker.xcdatamodel */,
			);
			currentVersion = DDE7D63F2C74FF8C00F57814 /* Tracker.xcdatamodel */;
			path = Tracker.xcdatamodeld;
			sourceTree = "<group>";
			versionGroupType = wrapper.xcdatamodel;
		};
/* End XCVersionGroup section */
	};
	rootObject = DD0D6E6F2C5780EE0036B9E0 /* Project object */;
}
